
Microsoft Visual Studio Solution File, Format Version 12.00
# Visual Studio 2013
VisualStudioVersion = 12.0.30324.0
MinimumVisualStudioVersion = 10.0.40219.1
Project("{F184B08F-C81C-45F6-A57F-5ABD9991F28F}") = "File_IO_Demo_VB", "File_IO_Demo_VB\File_IO_Demo_VB.vbproj", "{EE09AD65-120D-41AA-B970-D6704F92CEB1}"
EndProject
Global
	GlobalSection(SolutionConfigurationPlatforms) = preSolution
		Debug|Any CPU = Debug|Any CPU
		Release|Any CPU = Release|Any CPU
	EndGlobalSection
	GlobalSection(ProjectConfigurationPlatforms) = postSolution
		{EE09AD65-120D-41AA-B970-D6704F92CEB1}.Debug|Any CPU.ActiveCfg = Debug|Any CPU
		{EE09AD65-120D-41AA-B970-D6704F92CEB1}.Debug|Any CPU.Build.0 = Debug|Any CPU
		{EE09AD65-120D-41AA-B970-D6704F92CEB1}.Release|Any CPU.ActiveCfg = Release|Any CPU
		{EE09AD65-120D-41AA-B970-D6704F92CEB1}.Release|Any CPU.Build.0 = Release|Any CPU
	EndGlobalSection
	GlobalSection(SolutionProperties) = preSolution
		HideSolutionNode = FALSE
	EndGlobalSection
EndGlobal
