
Microsoft Visual Studio Solution File, Format Version 12.00
# Visual Studio 2013
VisualStudioVersion = 12.0.30324.0
MinimumVisualStudioVersion = 10.0.40219.1
Project("{FAE04EC0-301F-11D3-BF4B-00C04F79EFBC}") = "ClassLab_CS", "ClassLab_CS\ClassLab_CS.csproj", "{DFAF9B2C-99FD-40C8-9F60-063EEF69BD4E}"
EndProject
Global
	GlobalSection(SolutionConfigurationPlatforms) = preSolution
		Debug|Any CPU = Debug|Any CPU
		Release|Any CPU = Release|Any CPU
	EndGlobalSection
	GlobalSection(ProjectConfigurationPlatforms) = postSolution
		{DFAF9B2C-99FD-40C8-9F60-063EEF69BD4E}.Debug|Any CPU.ActiveCfg = Debug|Any CPU
		{DFAF9B2C-99FD-40C8-9F60-063EEF69BD4E}.Debug|Any CPU.Build.0 = Debug|Any CPU
		{DFAF9B2C-99FD-40C8-9F60-063EEF69BD4E}.Release|Any CPU.ActiveCfg = Release|Any CPU
		{DFAF9B2C-99FD-40C8-9F60-063EEF69BD4E}.Release|Any CPU.Build.0 = Release|Any CPU
	EndGlobalSection
	GlobalSection(SolutionProperties) = preSolution
		HideSolutionNode = FALSE
	EndGlobalSection
EndGlobal
